
Microsoft Visual Studio Solution File, Format Version 12.00
Project("{FAE04EC0-301F-11D3-BF4B-00C04F79EFBC}") = "PlatformService", "PlatformService\PlatformService.csproj", "{72239A8D-1622-40B1-B28C-BAD1BDA6D1C8}"
EndProject
Project("{FAE04EC0-301F-11D3-BF4B-00C04F79EFBC}") = "CommandService", "CommandService\CommandService.csproj", "{641498B7-ECE7-4C5D-839D-B29C20246BA5}"
EndProject
Project("{2150E333-8FDC-42A3-9474-1A3956D46DE8}") = "K8S", "K8S", "{FB91ABF4-41C3-4272-8435-52F14904B76D}"
	ProjectSection(SolutionItems) = preProject
		K8S\ps-depl.yaml = K8S\ps-depl.yaml
	EndProjectSection
EndProject
Project("{FAE04EC0-301F-11D3-BF4B-00C04F79EFBC}") = "Infrastructure.Data.Contracts", "Infrastructure.Data.Contracts\Infrastructure.Data.Contracts.csproj", "{23C21FFF-0CB3-4884-B888-98B6A670C384}"
EndProject
Project("{2150E333-8FDC-42A3-9474-1A3956D46DE8}") = "Abstractions", "Abstractions", "{A407DAA7-DB8D-48B8-90A9-0045A02F6727}"
EndProject
Project("{2150E333-8FDC-42A3-9474-1A3956D46DE8}") = "Solution Items", "Solution Items", "{5990D133-8882-4411-9A62-317B51535FA9}"
	ProjectSection(SolutionItems) = preProject
		COMMANDS.md = COMMANDS.md
		README.md = README.md
	EndProjectSection
EndProject
Global
	GlobalSection(SolutionConfigurationPlatforms) = preSolution
		Debug|Any CPU = Debug|Any CPU
		Release|Any CPU = Release|Any CPU
	EndGlobalSection
	GlobalSection(ProjectConfigurationPlatforms) = postSolution
		{72239A8D-1622-40B1-B28C-BAD1BDA6D1C8}.Debug|Any CPU.ActiveCfg = Debug|Any CPU
		{72239A8D-1622-40B1-B28C-BAD1BDA6D1C8}.Debug|Any CPU.Build.0 = Debug|Any CPU
		{72239A8D-1622-40B1-B28C-BAD1BDA6D1C8}.Release|Any CPU.ActiveCfg = Release|Any CPU
		{72239A8D-1622-40B1-B28C-BAD1BDA6D1C8}.Release|Any CPU.Build.0 = Release|Any CPU
		{641498B7-ECE7-4C5D-839D-B29C20246BA5}.Debug|Any CPU.ActiveCfg = Debug|Any CPU
		{641498B7-ECE7-4C5D-839D-B29C20246BA5}.Debug|Any CPU.Build.0 = Debug|Any CPU
		{641498B7-ECE7-4C5D-839D-B29C20246BA5}.Release|Any CPU.ActiveCfg = Release|Any CPU
		{641498B7-ECE7-4C5D-839D-B29C20246BA5}.Release|Any CPU.Build.0 = Release|Any CPU
		{23C21FFF-0CB3-4884-B888-98B6A670C384}.Debug|Any CPU.ActiveCfg = Debug|Any CPU
		{23C21FFF-0CB3-4884-B888-98B6A670C384}.Debug|Any CPU.Build.0 = Debug|Any CPU
		{23C21FFF-0CB3-4884-B888-98B6A670C384}.Release|Any CPU.ActiveCfg = Release|Any CPU
		{23C21FFF-0CB3-4884-B888-98B6A670C384}.Release|Any CPU.Build.0 = Release|Any CPU
	EndGlobalSection
	GlobalSection(NestedProjects) = preSolution
		{23C21FFF-0CB3-4884-B888-98B6A670C384} = {A407DAA7-DB8D-48B8-90A9-0045A02F6727}
	EndGlobalSection
EndGlobal
